
Microsoft Visual Studio Solution File, Format Version 11.00
# Visual Studio 2010
Project("{E24C65DC-7377-472B-9ABA-BC803B73C61A}") = "CarPool", "CarPool\", "{37ED1F95-3E25-4280-9CAC-AE6B6DBEA7BE}"
	ProjectSection(WebsiteProperties) = preProject
		TargetFrameworkMoniker = ".NETFramework,Version%3Dv4.0"
		Debug.AspNetCompiler.VirtualPath = "/CarPool"
		Debug.AspNetCompiler.PhysicalPath = "CarPool\"
		Debug.AspNetCompiler.TargetPath = "PrecompiledWeb\CarPool\"
		Debug.AspNetCompiler.Updateable = "true"
		Debug.AspNetCompiler.ForceOverwrite = "true"
		Debug.AspNetCompiler.FixedNames = "false"
		Debug.AspNetCompiler.Debug = "True"
		Release.AspNetCompiler.VirtualPath = "/CarPool"
		Release.AspNetCompiler.PhysicalPath = "CarPool\"
		Release.AspNetCompiler.TargetPath = "PrecompiledWeb\CarPool\"
		Release.AspNetCompiler.Updateable = "true"
		Release.AspNetCompiler.ForceOverwrite = "true"
		Release.AspNetCompiler.FixedNames = "false"
		Release.AspNetCompiler.Debug = "False"
		VWDPort = "51145"
	EndProjectSection
EndProject
Global
	GlobalSection(SolutionConfigurationPlatforms) = preSolution
		Debug|Any CPU = Debug|Any CPU
	EndGlobalSection
	GlobalSection(ProjectConfigurationPlatforms) = postSolution
		{37ED1F95-3E25-4280-9CAC-AE6B6DBEA7BE}.Debug|Any CPU.ActiveCfg = Debug|Any CPU
		{37ED1F95-3E25-4280-9CAC-AE6B6DBEA7BE}.Debug|Any CPU.Build.0 = Debug|Any CPU
	EndGlobalSection
	GlobalSection(SolutionProperties) = preSolution
		HideSolutionNode = FALSE
	EndGlobalSection
EndGlobal
